
Microsoft Visual Studio Solution File, Format Version 12.00
# Visual Studio Version 17
VisualStudioVersion = 17.0.31903.59
MinimumVisualStudioVersion = 10.0.40219.1
Project("{2150E333-8FDC-42A3-9474-1A3956D46DE8}") = "src", "src", "{23887425-A727-4C28-8C50-F334A25A8A9B}"
EndProject
Project("{FAE04EC0-301F-11D3-BF4B-00C04F79EFBC}") = "AuctionService", "src\AuctionService\AuctionService.csproj", "{3172775E-8476-4520-BB9A-6ADED0988045}"
EndProject
Project("{FAE04EC0-301F-11D3-BF4B-00C04F79EFBC}") = "SearchService", "src\SearchService\SearchService.csproj", "{787E4FC7-0D18-46F0-A1AE-6E38C31A95BF}"
EndProject
Project("{FAE04EC0-301F-11D3-BF4B-00C04F79EFBC}") = "Contracts", "src\Contracts\Contracts.csproj", "{60B89A6D-336E-4A20-A763-D164C90C5064}"
EndProject
Project("{FAE04EC0-301F-11D3-BF4B-00C04F79EFBC}") = "IdentityService", "src\IdentityService\IdentityService.csproj", "{8A7FBF4E-6AAC-4DCB-8CF2-F90AF72D5E54}"
EndProject
Project("{FAE04EC0-301F-11D3-BF4B-00C04F79EFBC}") = "GatewayService", "src\GatewayService\GatewayService.csproj", "{C70F3446-609E-4514-964B-C8B2FAE0E16B}"
EndProject
Global
	GlobalSection(SolutionConfigurationPlatforms) = preSolution
		Debug|Any CPU = Debug|Any CPU
		Release|Any CPU = Release|Any CPU
	EndGlobalSection
	GlobalSection(SolutionProperties) = preSolution
		HideSolutionNode = FALSE
	EndGlobalSection
	GlobalSection(ProjectConfigurationPlatforms) = postSolution
		{3172775E-8476-4520-BB9A-6ADED0988045}.Debug|Any CPU.ActiveCfg = Debug|Any CPU
		{3172775E-8476-4520-BB9A-6ADED0988045}.Debug|Any CPU.Build.0 = Debug|Any CPU
		{3172775E-8476-4520-BB9A-6ADED0988045}.Release|Any CPU.ActiveCfg = Release|Any CPU
		{3172775E-8476-4520-BB9A-6ADED0988045}.Release|Any CPU.Build.0 = Release|Any CPU
		{787E4FC7-0D18-46F0-A1AE-6E38C31A95BF}.Debug|Any CPU.ActiveCfg = Debug|Any CPU
		{787E4FC7-0D18-46F0-A1AE-6E38C31A95BF}.Debug|Any CPU.Build.0 = Debug|Any CPU
		{787E4FC7-0D18-46F0-A1AE-6E38C31A95BF}.Release|Any CPU.ActiveCfg = Release|Any CPU
		{787E4FC7-0D18-46F0-A1AE-6E38C31A95BF}.Release|Any CPU.Build.0 = Release|Any CPU
		{60B89A6D-336E-4A20-A763-D164C90C5064}.Debug|Any CPU.ActiveCfg = Debug|Any CPU
		{60B89A6D-336E-4A20-A763-D164C90C5064}.Debug|Any CPU.Build.0 = Debug|Any CPU
		{60B89A6D-336E-4A20-A763-D164C90C5064}.Release|Any CPU.ActiveCfg = Release|Any CPU
		{60B89A6D-336E-4A20-A763-D164C90C5064}.Release|Any CPU.Build.0 = Release|Any CPU
		{8A7FBF4E-6AAC-4DCB-8CF2-F90AF72D5E54}.Debug|Any CPU.ActiveCfg = Debug|Any CPU
		{8A7FBF4E-6AAC-4DCB-8CF2-F90AF72D5E54}.Debug|Any CPU.Build.0 = Debug|Any CPU
		{8A7FBF4E-6AAC-4DCB-8CF2-F90AF72D5E54}.Release|Any CPU.ActiveCfg = Release|Any CPU
		{8A7FBF4E-6AAC-4DCB-8CF2-F90AF72D5E54}.Release|Any CPU.Build.0 = Release|Any CPU
		{C70F3446-609E-4514-964B-C8B2FAE0E16B}.Debug|Any CPU.ActiveCfg = Debug|Any CPU
		{C70F3446-609E-4514-964B-C8B2FAE0E16B}.Debug|Any CPU.Build.0 = Debug|Any CPU
		{C70F3446-609E-4514-964B-C8B2FAE0E16B}.Release|Any CPU.ActiveCfg = Release|Any CPU
		{C70F3446-609E-4514-964B-C8B2FAE0E16B}.Release|Any CPU.Build.0 = Release|Any CPU
	EndGlobalSection
	GlobalSection(NestedProjects) = preSolution
		{3172775E-8476-4520-BB9A-6ADED0988045} = {23887425-A727-4C28-8C50-F334A25A8A9B}
		{787E4FC7-0D18-46F0-A1AE-6E38C31A95BF} = {23887425-A727-4C28-8C50-F334A25A8A9B}
		{60B89A6D-336E-4A20-A763-D164C90C5064} = {23887425-A727-4C28-8C50-F334A25A8A9B}
		{8A7FBF4E-6AAC-4DCB-8CF2-F90AF72D5E54} = {23887425-A727-4C28-8C50-F334A25A8A9B}
		{C70F3446-609E-4514-964B-C8B2FAE0E16B} = {23887425-A727-4C28-8C50-F334A25A8A9B}
	EndGlobalSection
EndGlobal
